
Microsoft Visual Studio Solution File, Format Version 12.00
Project("{FAE04EC0-301F-11D3-BF4B-00C04F79EFBC}") = "IziProxy", "IziProxy\IziProxy.csproj", "{6909B320-1D5C-451F-8685-0A020F440FA8}"
EndProject
Project("{FAE04EC0-301F-11D3-BF4B-00C04F79EFBC}") = "IziProxy.Tests", "tests\IziProxy.Tests\IziProxy.Tests.csproj", "{08D1AE76-EE7C-4670-9196-85D9FDC45958}"
EndProject
Project("{FAE04EC0-301F-11D3-BF4B-00C04F79EFBC}") = "IziProxy.Core", "IziProxy.Core\IziProxy.Core.csproj", "{FC3419E8-4252-490A-BC8E-FB9167E8AB40}"
EndProject
Project("{2150E333-8FDC-42A3-9474-1A3956D46DE8}") = "IziProxy.GUI", "IziProxy.GUI", "{1CE2B3B9-897C-65FA-F994-620365A3E666}"
EndProject
Project("{FAE04EC0-301F-11D3-BF4B-00C04F79EFBC}") = "IziProxy.GUI", "IziProxy.GUI\IziProxy.GUI\IziProxy.GUI.csproj", "{97A3F275-849B-4F76-ADD6-63D7044B5F83}"
EndProject
Project("{FAE04EC0-301F-11D3-BF4B-00C04F79EFBC}") = "IziProxy.GUI.Desktop", "IziProxy.GUI\IziProxy.GUI.Desktop\IziProxy.GUI.Desktop.csproj", "{574A7A01-E82E-4954-97E1-0EA4288841C9}"
EndProject
Project("{FAE04EC0-301F-11D3-BF4B-00C04F79EFBC}") = "IziProxy.GUI.Android", "IziProxy.GUI\IziProxy.GUI.Android\IziProxy.GUI.Android.csproj", "{1D3D08EC-F1BE-450E-ABBC-A96901BCF188}"
EndProject
Project("{FAE04EC0-301F-11D3-BF4B-00C04F79EFBC}") = "IziProxy.GUI.iOS", "IziProxy.GUI\IziProxy.GUI.iOS\IziProxy.GUI.iOS.csproj", "{1D5CAAA9-96A0-4379-90EE-34343469E917}"
EndProject
Project("{FAE04EC0-301F-11D3-BF4B-00C04F79EFBC}") = "IziProxy.GUI.Browser", "IziProxy.GUI\IziProxy.GUI.Browser\IziProxy.GUI.Browser.csproj", "{1CC58C86-3E53-4CEE-8C0D-D788FDB8250A}"
EndProject
Global
	GlobalSection(SolutionConfigurationPlatforms) = preSolution
		Debug|Any CPU = Debug|Any CPU
		Debug|x64 = Debug|x64
		Debug|x86 = Debug|x86
		Release|Any CPU = Release|Any CPU
		Release|x64 = Release|x64
		Release|x86 = Release|x86
	EndGlobalSection
	GlobalSection(ProjectConfigurationPlatforms) = postSolution
		{6909B320-1D5C-451F-8685-0A020F440FA8}.Debug|Any CPU.ActiveCfg = Debug|Any CPU
		{6909B320-1D5C-451F-8685-0A020F440FA8}.Debug|Any CPU.Build.0 = Debug|Any CPU
		{6909B320-1D5C-451F-8685-0A020F440FA8}.Debug|x64.ActiveCfg = Debug|Any CPU
		{6909B320-1D5C-451F-8685-0A020F440FA8}.Debug|x64.Build.0 = Debug|Any CPU
		{6909B320-1D5C-451F-8685-0A020F440FA8}.Debug|x86.ActiveCfg = Debug|Any CPU
		{6909B320-1D5C-451F-8685-0A020F440FA8}.Debug|x86.Build.0 = Debug|Any CPU
		{6909B320-1D5C-451F-8685-0A020F440FA8}.Release|Any CPU.ActiveCfg = Release|Any CPU
		{6909B320-1D5C-451F-8685-0A020F440FA8}.Release|Any CPU.Build.0 = Release|Any CPU
		{6909B320-1D5C-451F-8685-0A020F440FA8}.Release|x64.ActiveCfg = Release|Any CPU
		{6909B320-1D5C-451F-8685-0A020F440FA8}.Release|x64.Build.0 = Release|Any CPU
		{6909B320-1D5C-451F-8685-0A020F440FA8}.Release|x86.ActiveCfg = Release|Any CPU
		{6909B320-1D5C-451F-8685-0A020F440FA8}.Release|x86.Build.0 = Release|Any CPU
		{08D1AE76-EE7C-4670-9196-85D9FDC45958}.Debug|Any CPU.ActiveCfg = Debug|Any CPU
		{08D1AE76-EE7C-4670-9196-85D9FDC45958}.Debug|Any CPU.Build.0 = Debug|Any CPU
		{08D1AE76-EE7C-4670-9196-85D9FDC45958}.Debug|x64.ActiveCfg = Debug|Any CPU
		{08D1AE76-EE7C-4670-9196-85D9FDC45958}.Debug|x64.Build.0 = Debug|Any CPU
		{08D1AE76-EE7C-4670-9196-85D9FDC45958}.Debug|x86.ActiveCfg = Debug|Any CPU
		{08D1AE76-EE7C-4670-9196-85D9FDC45958}.Debug|x86.Build.0 = Debug|Any CPU
		{08D1AE76-EE7C-4670-9196-85D9FDC45958}.Release|Any CPU.ActiveCfg = Release|Any CPU
		{08D1AE76-EE7C-4670-9196-85D9FDC45958}.Release|Any CPU.Build.0 = Release|Any CPU
		{08D1AE76-EE7C-4670-9196-85D9FDC45958}.Release|x64.ActiveCfg = Release|Any CPU
		{08D1AE76-EE7C-4670-9196-85D9FDC45958}.Release|x64.Build.0 = Release|Any CPU
		{08D1AE76-EE7C-4670-9196-85D9FDC45958}.Release|x86.ActiveCfg = Release|Any CPU
		{08D1AE76-EE7C-4670-9196-85D9FDC45958}.Release|x86.Build.0 = Release|Any CPU
		{FC3419E8-4252-490A-BC8E-FB9167E8AB40}.Debug|Any CPU.ActiveCfg = Debug|Any CPU
		{FC3419E8-4252-490A-BC8E-FB9167E8AB40}.Debug|Any CPU.Build.0 = Debug|Any CPU
		{FC3419E8-4252-490A-BC8E-FB9167E8AB40}.Debug|x64.ActiveCfg = Debug|Any CPU
		{FC3419E8-4252-490A-BC8E-FB9167E8AB40}.Debug|x64.Build.0 = Debug|Any CPU
		{FC3419E8-4252-490A-BC8E-FB9167E8AB40}.Debug|x86.ActiveCfg = Debug|Any CPU
		{FC3419E8-4252-490A-BC8E-FB9167E8AB40}.Debug|x86.Build.0 = Debug|Any CPU
		{FC3419E8-4252-490A-BC8E-FB9167E8AB40}.Release|Any CPU.ActiveCfg = Release|Any CPU
		{FC3419E8-4252-490A-BC8E-FB9167E8AB40}.Release|Any CPU.Build.0 = Release|Any CPU
		{FC3419E8-4252-490A-BC8E-FB9167E8AB40}.Release|x64.ActiveCfg = Release|Any CPU
		{FC3419E8-4252-490A-BC8E-FB9167E8AB40}.Release|x64.Build.0 = Release|Any CPU
		{FC3419E8-4252-490A-BC8E-FB9167E8AB40}.Release|x86.ActiveCfg = Release|Any CPU
		{FC3419E8-4252-490A-BC8E-FB9167E8AB40}.Release|x86.Build.0 = Release|Any CPU
		{97A3F275-849B-4F76-ADD6-63D7044B5F83}.Debug|Any CPU.ActiveCfg = Debug|Any CPU
		{97A3F275-849B-4F76-ADD6-63D7044B5F83}.Debug|Any CPU.Build.0 = Debug|Any CPU
		{97A3F275-849B-4F76-ADD6-63D7044B5F83}.Debug|x64.ActiveCfg = Debug|Any CPU
		{97A3F275-849B-4F76-ADD6-63D7044B5F83}.Debug|x64.Build.0 = Debug|Any CPU
		{97A3F275-849B-4F76-ADD6-63D7044B5F83}.Debug|x86.ActiveCfg = Debug|Any CPU
		{97A3F275-849B-4F76-ADD6-63D7044B5F83}.Debug|x86.Build.0 = Debug|Any CPU
		{97A3F275-849B-4F76-ADD6-63D7044B5F83}.Release|Any CPU.ActiveCfg = Release|Any CPU
		{97A3F275-849B-4F76-ADD6-63D7044B5F83}.Release|Any CPU.Build.0 = Release|Any CPU
		{97A3F275-849B-4F76-ADD6-63D7044B5F83}.Release|x64.ActiveCfg = Release|Any CPU
		{97A3F275-849B-4F76-ADD6-63D7044B5F83}.Release|x64.Build.0 = Release|Any CPU
		{97A3F275-849B-4F76-ADD6-63D7044B5F83}.Release|x86.ActiveCfg = Release|Any CPU
		{97A3F275-849B-4F76-ADD6-63D7044B5F83}.Release|x86.Build.0 = Release|Any CPU
		{574A7A01-E82E-4954-97E1-0EA4288841C9}.Debug|Any CPU.ActiveCfg = Debug|Any CPU
		{574A7A01-E82E-4954-97E1-0EA4288841C9}.Debug|Any CPU.Build.0 = Debug|Any CPU
		{574A7A01-E82E-4954-97E1-0EA4288841C9}.Debug|x64.ActiveCfg = Debug|Any CPU
		{574A7A01-E82E-4954-97E1-0EA4288841C9}.Debug|x64.Build.0 = Debug|Any CPU
		{574A7A01-E82E-4954-97E1-0EA4288841C9}.Debug|x86.ActiveCfg = Debug|Any CPU
		{574A7A01-E82E-4954-97E1-0EA4288841C9}.Debug|x86.Build.0 = Debug|Any CPU
		{574A7A01-E82E-4954-97E1-0EA4288841C9}.Release|Any CPU.ActiveCfg = Release|Any CPU
		{574A7A01-E82E-4954-97E1-0EA4288841C9}.Release|Any CPU.Build.0 = Release|Any CPU
		{574A7A01-E82E-4954-97E1-0EA4288841C9}.Release|x64.ActiveCfg = Release|Any CPU
		{574A7A01-E82E-4954-97E1-0EA4288841C9}.Release|x64.Build.0 = Release|Any CPU
		{574A7A01-E82E-4954-97E1-0EA4288841C9}.Release|x86.ActiveCfg = Release|Any CPU
		{574A7A01-E82E-4954-97E1-0EA4288841C9}.Release|x86.Build.0 = Release|Any CPU
		{1D3D08EC-F1BE-450E-ABBC-A96901BCF188}.Debug|Any CPU.ActiveCfg = Debug|Any CPU
		{1D3D08EC-F1BE-450E-ABBC-A96901BCF188}.Debug|Any CPU.Build.0 = Debug|Any CPU
		{1D3D08EC-F1BE-450E-ABBC-A96901BCF188}.Debug|x64.ActiveCfg = Debug|Any CPU
		{1D3D08EC-F1BE-450E-ABBC-A96901BCF188}.Debug|x64.Build.0 = Debug|Any CPU
		{1D3D08EC-F1BE-450E-ABBC-A96901BCF188}.Debug|x86.ActiveCfg = Debug|Any CPU
		{1D3D08EC-F1BE-450E-ABBC-A96901BCF188}.Debug|x86.Build.0 = Debug|Any CPU
		{1D3D08EC-F1BE-450E-ABBC-A96901BCF188}.Release|Any CPU.ActiveCfg = Release|Any CPU
		{1D3D08EC-F1BE-450E-ABBC-A96901BCF188}.Release|Any CPU.Build.0 = Release|Any CPU
		{1D3D08EC-F1BE-450E-ABBC-A96901BCF188}.Release|x64.ActiveCfg = Release|Any CPU
		{1D3D08EC-F1BE-450E-ABBC-A96901BCF188}.Release|x64.Build.0 = Release|Any CPU
		{1D3D08EC-F1BE-450E-ABBC-A96901BCF188}.Release|x86.ActiveCfg = Release|Any CPU
		{1D3D08EC-F1BE-450E-ABBC-A96901BCF188}.Release|x86.Build.0 = Release|Any CPU
		{1D5CAAA9-96A0-4379-90EE-34343469E917}.Debug|Any CPU.ActiveCfg = Debug|Any CPU
		{1D5CAAA9-96A0-4379-90EE-34343469E917}.Debug|Any CPU.Build.0 = Debug|Any CPU
		{1D5CAAA9-96A0-4379-90EE-34343469E917}.Debug|x64.ActiveCfg = Debug|Any CPU
		{1D5CAAA9-96A0-4379-90EE-34343469E917}.Debug|x64.Build.0 = Debug|Any CPU
		{1D5CAAA9-96A0-4379-90EE-34343469E917}.Debug|x86.ActiveCfg = Debug|Any CPU
		{1D5CAAA9-96A0-4379-90EE-34343469E917}.Debug|x86.Build.0 = Debug|Any CPU
		{1D5CAAA9-96A0-4379-90EE-34343469E917}.Release|Any CPU.ActiveCfg = Release|Any CPU
		{1D5CAAA9-96A0-4379-90EE-34343469E917}.Release|Any CPU.Build.0 = Release|Any CPU
		{1D5CAAA9-96A0-4379-90EE-34343469E917}.Release|x64.ActiveCfg = Release|Any CPU
		{1D5CAAA9-96A0-4379-90EE-34343469E917}.Release|x64.Build.0 = Release|Any CPU
		{1D5CAAA9-96A0-4379-90EE-34343469E917}.Release|x86.ActiveCfg = Release|Any CPU
		{1D5CAAA9-96A0-4379-90EE-34343469E917}.Release|x86.Build.0 = Release|Any CPU
		{1CC58C86-3E53-4CEE-8C0D-D788FDB8250A}.Debug|Any CPU.ActiveCfg = Debug|Any CPU
		{1CC58C86-3E53-4CEE-8C0D-D788FDB8250A}.Debug|Any CPU.Build.0 = Debug|Any CPU
		{1CC58C86-3E53-4CEE-8C0D-D788FDB8250A}.Debug|x64.ActiveCfg = Debug|Any CPU
		{1CC58C86-3E53-4CEE-8C0D-D788FDB8250A}.Debug|x64.Build.0 = Debug|Any CPU
		{1CC58C86-3E53-4CEE-8C0D-D788FDB8250A}.Debug|x86.ActiveCfg = Debug|Any CPU
		{1CC58C86-3E53-4CEE-8C0D-D788FDB8250A}.Debug|x86.Build.0 = Debug|Any CPU
		{1CC58C86-3E53-4CEE-8C0D-D788FDB8250A}.Release|Any CPU.ActiveCfg = Release|Any CPU
		{1CC58C86-3E53-4CEE-8C0D-D788FDB8250A}.Release|Any CPU.Build.0 = Release|Any CPU
		{1CC58C86-3E53-4CEE-8C0D-D788FDB8250A}.Release|x64.ActiveCfg = Release|Any CPU
		{1CC58C86-3E53-4CEE-8C0D-D788FDB8250A}.Release|x64.Build.0 = Release|Any CPU
		{1CC58C86-3E53-4CEE-8C0D-D788FDB8250A}.Release|x86.ActiveCfg = Release|Any CPU
		{1CC58C86-3E53-4CEE-8C0D-D788FDB8250A}.Release|x86.Build.0 = Release|Any CPU
	EndGlobalSection
	GlobalSection(SolutionProperties) = preSolution
		HideSolutionNode = FALSE
	EndGlobalSection
	GlobalSection(NestedProjects) = preSolution
		{97A3F275-849B-4F76-ADD6-63D7044B5F83} = {1CE2B3B9-897C-65FA-F994-620365A3E666}
		{574A7A01-E82E-4954-97E1-0EA4288841C9} = {1CE2B3B9-897C-65FA-F994-620365A3E666}
		{1D3D08EC-F1BE-450E-ABBC-A96901BCF188} = {1CE2B3B9-897C-65FA-F994-620365A3E666}
		{1D5CAAA9-96A0-4379-90EE-34343469E917} = {1CE2B3B9-897C-65FA-F994-620365A3E666}
		{1CC58C86-3E53-4CEE-8C0D-D788FDB8250A} = {1CE2B3B9-897C-65FA-F994-620365A3E666}
	EndGlobalSection
EndGlobal
